{
  "name": "jsstats",
  "version": "1.0.0",
  "lockfileVersion": 1,
  "requires": true,
  "dependencies": {
    "@aero/centra": {
      "version": "1.0.6",
      "resolved": "https://registry.npmjs.org/@aero/centra/-/centra-1.0.6.tgz",
      "integrity": "sha512-e7sUh/VjugT8LsHb4/hcbmhaVVi9deWWPQnlMnU0RAnF8+iCdGdCcKvoHnDNl/ELykwjpbKpBYbWPx0yKZaDpw=="
    },
    "novelcovid": {
      "version": "3.0.0",
      "resolved": "https://registry.npmjs.org/novelcovid/-/novelcovid-3.0.0.tgz",
      "integrity": "sha512-70LZiuOY52f3uIrcZ5dP1F0LFkbz8GuGRuiC/e+YjGv/jYrbq8WXll67GaCafWCvznFmgSEgDJcztDoXz4m+kg==",
      "requires": {
        "@aero/centra": "^1.0.3"
      }
    }
  }
}
